
Microsoft Visual Studio Solution File, Format Version 12.00
# Visual Studio Version 16
VisualStudioVersion = 16.0.30406.217
MinimumVisualStudioVersion = 10.0.40219.1
Project("{9A19103F-16F7-4668-BE54-9A1E7A4F7556}") = "XiangJiang.Logging.File", "XiangJiang.Log.File\XiangJiang.Logging.File.csproj", "{73A75C1E-DA02-48D1-8FEC-E996CB9C2EBC}"
EndProject
Project("{9A19103F-16F7-4668-BE54-9A1E7A4F7556}") = "XiangJiang.Logging.FileTests", "XiangJiang.Log.FileTests\XiangJiang.Logging.FileTests.csproj", "{AFD8A7C8-31C0-416F-B5CC-67E6A4400928}"
EndProject
Global
	GlobalSection(SolutionConfigurationPlatforms) = preSolution
		Debug|Any CPU = Debug|Any CPU
		Release|Any CPU = Release|Any CPU
	EndGlobalSection
	GlobalSection(ProjectConfigurationPlatforms) = postSolution
		{73A75C1E-DA02-48D1-8FEC-E996CB9C2EBC}.Debug|Any CPU.ActiveCfg = Debug|Any CPU
		{73A75C1E-DA02-48D1-8FEC-E996CB9C2EBC}.Debug|Any CPU.Build.0 = Debug|Any CPU
		{73A75C1E-DA02-48D1-8FEC-E996CB9C2EBC}.Release|Any CPU.ActiveCfg = Release|Any CPU
		{73A75C1E-DA02-48D1-8FEC-E996CB9C2EBC}.Release|Any CPU.Build.0 = Release|Any CPU
		{AFD8A7C8-31C0-416F-B5CC-67E6A4400928}.Debug|Any CPU.ActiveCfg = Debug|Any CPU
		{AFD8A7C8-31C0-416F-B5CC-67E6A4400928}.Debug|Any CPU.Build.0 = Debug|Any CPU
		{AFD8A7C8-31C0-416F-B5CC-67E6A4400928}.Release|Any CPU.ActiveCfg = Release|Any CPU
		{AFD8A7C8-31C0-416F-B5CC-67E6A4400928}.Release|Any CPU.Build.0 = Release|Any CPU
	EndGlobalSection
	GlobalSection(SolutionProperties) = preSolution
		HideSolutionNode = FALSE
	EndGlobalSection
	GlobalSection(ExtensibilityGlobals) = postSolution
		SolutionGuid = {F117B0E7-B5B9-49C2-AFA6-3BB91EDDD925}
	EndGlobalSection
EndGlobal
